{
  "markbot": "b93f1e94b85dcfb83de992457228e058d80333d00892495ce5ebb6f2cfbf5a05",
  "markbotignore": "030a4e6e1b3b6b510514a7ae54576e2c2ef762d56236c6414ef634955d96a126",
  "index-320.png": "9cb0c9c8bf7bf9423077aaccbbbd55728425dde266b611ed8c8d5d2fc4dfdb10",
  "index-400.png": "9bb6e16e330716be16f4b4632dec6e97abd5c98cc558ddf74c39493977298e5a",
  "index-608.png": "40f4b45ea74a18221f82bd19925cc2fc1799d543d22157364a924ac1bdce466f",
  "index-960.png": "1286a5088cc0ebfdc5c2fab2c772f65f2224e89867637a354a32629d126b0d34",
  "index-1440.png": "a035ab0cfedfb463a6f44c8cde512c3f3e81778954c98348a56e984cbe462f87"
}